
Microsoft Visual Studio Solution File, Format Version 12.00
# Visual Studio Version 17
VisualStudioVersion = 17.9.34728.123
MinimumVisualStudioVersion = 10.0.40219.1
Project("{FAE04EC0-301F-11D3-BF4B-00C04F79EFBC}") = "DropDownsAnidadosMVC", "DropDownsAnidadosMVC\DropDownsAnidadosMVC.csproj", "{96B88D86-5A9E-46CA-954F-AF68697C2DEE}"
EndProject
Global
	GlobalSection(SolutionConfigurationPlatforms) = preSolution
		Debug|Any CPU = Debug|Any CPU
		Release|Any CPU = Release|Any CPU
	EndGlobalSection
	GlobalSection(ProjectConfigurationPlatforms) = postSolution
		{96B88D86-5A9E-46CA-954F-AF68697C2DEE}.Debug|Any CPU.ActiveCfg = Debug|Any CPU
		{96B88D86-5A9E-46CA-954F-AF68697C2DEE}.Debug|Any CPU.Build.0 = Debug|Any CPU
		{96B88D86-5A9E-46CA-954F-AF68697C2DEE}.Release|Any CPU.ActiveCfg = Release|Any CPU
		{96B88D86-5A9E-46CA-954F-AF68697C2DEE}.Release|Any CPU.Build.0 = Release|Any CPU
	EndGlobalSection
	GlobalSection(SolutionProperties) = preSolution
		HideSolutionNode = FALSE
	EndGlobalSection
	GlobalSection(ExtensibilityGlobals) = postSolution
		SolutionGuid = {39157F93-9CEE-4C3F-92B1-6EC6FB3DE7EF}
	EndGlobalSection
EndGlobal
